{
  "name": "combinatorics-perfromance",
  "version": "1.0.0",
  "lockfileVersion": 2,
  "requires": true,
  "packages": {
    "": {
      "name": "combinatorics-perfromance",
      "version": "1.0.0",
      "license": "ISC",
      "dependencies": {
        "js-combinatorics061": "npm:js-combinatorics@^0.6.1",
        "js-combinatorics211": "npm:js-combinatorics@^2.1.1"
      }
    },
    "node_modules/js-combinatorics061": {
      "name": "js-combinatorics",
      "version": "0.6.1",
      "resolved": "https://registry.npmjs.org/js-combinatorics/-/js-combinatorics-0.6.1.tgz",
      "integrity": "sha512-VDPHc5J++qdzvngxUhOnUGwegFB9vlNzyWTD6oXKCd9qvw8NAsZdFaWK44W91U0GtBR9R0yppMgzNwTJQYymqg=="
    },
    "node_modules/js-combinatorics211": {
      "name": "js-combinatorics",
      "version": "2.1.1",
      "resolved": "https://registry.npmjs.org/js-combinatorics/-/js-combinatorics-2.1.1.tgz",
      "integrity": "sha512-jKLV+oIyz0TCr7GBhyuOwngntu1rCxSO+lbVTS232HYowA13CTk0RSmPq6nuXGLFaq2ZWLDQqEwJ6LCDnYR0+A=="
    }
  },
  "dependencies": {
    "js-combinatorics061": {
      "version": "npm:js-combinatorics@0.6.1",
      "resolved": "https://registry.npmjs.org/js-combinatorics/-/js-combinatorics-0.6.1.tgz",
      "integrity": "sha512-VDPHc5J++qdzvngxUhOnUGwegFB9vlNzyWTD6oXKCd9qvw8NAsZdFaWK44W91U0GtBR9R0yppMgzNwTJQYymqg=="
    },
    "js-combinatorics211": {
      "version": "npm:js-combinatorics@2.1.1",
      "resolved": "https://registry.npmjs.org/js-combinatorics/-/js-combinatorics-2.1.1.tgz",
      "integrity": "sha512-jKLV+oIyz0TCr7GBhyuOwngntu1rCxSO+lbVTS232HYowA13CTk0RSmPq6nuXGLFaq2ZWLDQqEwJ6LCDnYR0+A=="
    }
  }
}
