{
  "name": "combinatorics-perfromance",
  "version": "1.0.0",
  "lockfileVersion": 2,
  "requires": true,
  "packages": {
    "": {
      "name": "combinatorics-perfromance",
      "hasInstallScript": true,
      "dependencies": {
        "js-combinatorics061": "npm:js-combinatorics@^0.6.1",
        "js-combinatorics100": "npm:js-combinatorics@^1.0.0",
        "js-combinatorics110": "npm:js-combinatorics@^1.1.0",
        "js-combinatorics111": "npm:js-combinatorics@^1.1.1",
        "js-combinatorics120": "npm:js-combinatorics@^1.2.0",
        "js-combinatorics121": "npm:js-combinatorics@^1.2.1",
        "js-combinatorics122": "npm:js-combinatorics@^1.2.2",
        "js-combinatorics123": "npm:js-combinatorics@^1.2.3",
        "js-combinatorics130": "npm:js-combinatorics@^1.3.0",
        "js-combinatorics140": "npm:js-combinatorics@^1.4.0",
        "js-combinatorics141": "npm:js-combinatorics@^1.4.1",
        "js-combinatorics142": "npm:js-combinatorics@^1.4.2",
        "js-combinatorics143": "npm:js-combinatorics@^1.4.3",
        "js-combinatorics144": "npm:js-combinatorics@^1.4.4",
        "js-combinatorics145": "npm:js-combinatorics@^1.4.5",
        "js-combinatorics150": "npm:js-combinatorics@^1.5.0",
        "js-combinatorics151": "npm:js-combinatorics@^1.5.1",
        "js-combinatorics152": "npm:js-combinatorics@^1.5.2",
        "js-combinatorics153": "npm:js-combinatorics@^1.5.3",
        "js-combinatorics154": "npm:js-combinatorics@^1.5.4",
        "js-combinatorics155": "npm:js-combinatorics@^1.5.5",
        "js-combinatorics156": "npm:js-combinatorics@^1.5.6",
        "js-combinatorics157": "npm:js-combinatorics@^1.5.7",
        "js-combinatorics200": "npm:js-combinatorics@^2.0.0",
        "js-combinatorics201": "npm:js-combinatorics@^2.0.1",
        "js-combinatorics210": "npm:js-combinatorics@^2.1.0",
        "js-combinatorics211": "npm:js-combinatorics@^2.1.1"
      }
    },
    "node_modules/js-combinatorics061": {
      "name": "js-combinatorics",
      "version": "0.6.1",
      "resolved": "https://registry.npmjs.org/js-combinatorics/-/js-combinatorics-0.6.1.tgz",
      "integrity": "sha512-VDPHc5J++qdzvngxUhOnUGwegFB9vlNzyWTD6oXKCd9qvw8NAsZdFaWK44W91U0GtBR9R0yppMgzNwTJQYymqg=="
    },
    "node_modules/js-combinatorics100": {
      "name": "js-combinatorics",
      "version": "1.0.0",
      "resolved": "https://registry.npmjs.org/js-combinatorics/-/js-combinatorics-1.0.0.tgz",
      "integrity": "sha512-yKwIWj0DrKVwVLz4GOZjeXjeneBzl5j5hIrayT/o3+PabjN3pr11ASi0aQPHSkoDSe8lmDABDDXDgGnDSF+ibw=="
    },
    "node_modules/js-combinatorics110": {
      "name": "js-combinatorics",
      "version": "1.1.0",
      "resolved": "https://registry.npmjs.org/js-combinatorics/-/js-combinatorics-1.1.0.tgz",
      "integrity": "sha512-8yVUVbvFZw0plSTXRjrOc6T6r0iyZ6VFD4HlzPgWfl+ENK6SZCCi7OIFZXRNdWsJDfY6OyFVURHn+7qLoLBLrw=="
    },
    "node_modules/js-combinatorics111": {
      "name": "js-combinatorics",
      "version": "1.1.1",
      "resolved": "https://registry.npmjs.org/js-combinatorics/-/js-combinatorics-1.1.1.tgz",
      "integrity": "sha512-jLwfxbEYUg6MqNurCGRVwc2tk/n1fFgOTst8B4WFnaf465SjcLiBYXU1fTcA1ICbcrkcen6Z3eU7/JNSJfkeNA=="
    },
    "node_modules/js-combinatorics120": {
      "name": "js-combinatorics",
      "version": "1.2.0",
      "resolved": "https://registry.npmjs.org/js-combinatorics/-/js-combinatorics-1.2.0.tgz",
      "integrity": "sha512-BbyEp9cfGguSWMeuSa3IQeZX6nGjm+EG3vhD06qHjzkZZWAxLKIW1j7Jnaif8XCX5mUyG1sD7xW96Si2DbAVBw=="
    },
    "node_modules/js-combinatorics121": {
      "name": "js-combinatorics",
      "version": "1.2.1",
      "resolved": "https://registry.npmjs.org/js-combinatorics/-/js-combinatorics-1.2.1.tgz",
      "integrity": "sha512-PRwPWj1Jkp37NOVEMCqSIO2y2MwmmxlIQHCtL6r59vkAP4YNG4qInA/qf8/ksgLOAKEZC/ev8bI/oKg9wTsnvQ=="
    },
    "node_modules/js-combinatorics122": {
      "name": "js-combinatorics",
      "version": "1.2.2",
      "resolved": "https://registry.npmjs.org/js-combinatorics/-/js-combinatorics-1.2.2.tgz",
      "integrity": "sha512-xVkQOBLvzC/MSoj9tdIacSw92pKXwGdIsxxtP1o+r2q3JeZq8mD26zVTJLwXTwad/ty2TjYONCqAoybXg9Wjog=="
    },
    "node_modules/js-combinatorics123": {
      "name": "js-combinatorics",
      "version": "1.2.3",
      "resolved": "https://registry.npmjs.org/js-combinatorics/-/js-combinatorics-1.2.3.tgz",
      "integrity": "sha512-Q8Cu3KeP5TkTTFLwvzDVMYkQpW53/p4Dy7KRLC1/GnjVybzenlsoPtYVd1Vkp2uutquKxtAX0Ef2k4s2W8evzA=="
    },
    "node_modules/js-combinatorics130": {
      "name": "js-combinatorics",
      "version": "1.3.0",
      "resolved": "https://registry.npmjs.org/js-combinatorics/-/js-combinatorics-1.3.0.tgz",
      "integrity": "sha512-gnpMrkIf5ifyCoZtOEVy9uJe4t1I/GIvWfDiHQ7SwZLQJ4OREbCcxBFbtxjnAPJ9M9f5b/qUCZe6uN2Uh82YAg=="
    },
    "node_modules/js-combinatorics140": {
      "name": "js-combinatorics",
      "version": "1.4.0",
      "resolved": "https://registry.npmjs.org/js-combinatorics/-/js-combinatorics-1.4.0.tgz",
      "integrity": "sha512-nznOMmqnVAi+ZJYAemNDFhOx7YaTd/oEjwdCz99Cv80hZBn/p+zJLbBLkSJs5aLoLqLqzgbbGmCpErs4wgk/xg=="
    },
    "node_modules/js-combinatorics141": {
      "name": "js-combinatorics",
      "version": "1.4.1",
      "resolved": "https://registry.npmjs.org/js-combinatorics/-/js-combinatorics-1.4.1.tgz",
      "integrity": "sha512-KMPc+HUs6O+aOO9r8UZe4DJ8SDHv+PCMk2iam7B8CQyUSb3gyQeLOHoV7l2RLD9o1rq+/opzgir4DVs46iLrUg=="
    },
    "node_modules/js-combinatorics142": {
      "name": "js-combinatorics",
      "version": "1.4.2",
      "resolved": "https://registry.npmjs.org/js-combinatorics/-/js-combinatorics-1.4.2.tgz",
      "integrity": "sha512-jzbAP5kZB1SBXtnFlgkJ23GrYhm1QmhGa+5jpCGwHhcBowEDBPcE30Lr3f92OaDAA1yFy1gmHmpNhZ7EvCRZSA=="
    },
    "node_modules/js-combinatorics143": {
      "name": "js-combinatorics",
      "version": "1.4.3",
      "resolved": "https://registry.npmjs.org/js-combinatorics/-/js-combinatorics-1.4.3.tgz",
      "integrity": "sha512-ivLm8wn7X03qfH1wNv5Ud5LNQcF3rPt7LLFB72xjgMGW6mbKfE6z6pH3hTUtaLo8w0/JyswhdtC9ZXz6TYO2Mw=="
    },
    "node_modules/js-combinatorics144": {
      "name": "js-combinatorics",
      "version": "1.4.4",
      "resolved": "https://registry.npmjs.org/js-combinatorics/-/js-combinatorics-1.4.4.tgz",
      "integrity": "sha512-rgp2W2NdpYN+PSD3drV9b3JesHYIhyB+VpkrXYDZ6qXQUuC3U9TpUvnySMi5Jp3qGp4VJNko2Z7bGbQM20DkRw=="
    },
    "node_modules/js-combinatorics145": {
      "name": "js-combinatorics",
      "version": "1.4.5",
      "resolved": "https://registry.npmjs.org/js-combinatorics/-/js-combinatorics-1.4.5.tgz",
      "integrity": "sha512-lIBPgsZnIK5S8kCyTUY4L34Kq5YXj2LXyk9WJDPsK6iklV96+ZahxIsgHtXcwHhG9XZhqrS1EbnaEkUh5gyXdg=="
    },
    "node_modules/js-combinatorics150": {
      "name": "js-combinatorics",
      "version": "1.5.0",
      "resolved": "https://registry.npmjs.org/js-combinatorics/-/js-combinatorics-1.5.0.tgz",
      "integrity": "sha512-d9goel1AWKSxffZ/um5eWqRG8he6yIwidXUZWhEByEwrLqKGk7rHKNOJsOq2mH/zD5hUdWGHHUkgecfAcUBgqA=="
    },
    "node_modules/js-combinatorics151": {
      "name": "js-combinatorics",
      "version": "1.5.1",
      "resolved": "https://registry.npmjs.org/js-combinatorics/-/js-combinatorics-1.5.1.tgz",
      "integrity": "sha512-9UsuMo0wQ/60oAHI6OeP70+arYDNMuMWYtVoYclr3MrlnYKnc0FFd5zAbDuW1yMEK4NmLmYDg5TdwHm/e/z4Eg=="
    },
    "node_modules/js-combinatorics152": {
      "name": "js-combinatorics",
      "version": "1.5.2",
      "resolved": "https://registry.npmjs.org/js-combinatorics/-/js-combinatorics-1.5.2.tgz",
      "integrity": "sha512-v0FWpWzltRSowfVNiElut2oyNtJZCX6pbteIl922rnkCA6akl01pP9ING4ATdT/eBHyUFPdlm8AzeAaCfSFF5Q=="
    },
    "node_modules/js-combinatorics153": {
      "name": "js-combinatorics",
      "version": "1.5.3",
      "resolved": "https://registry.npmjs.org/js-combinatorics/-/js-combinatorics-1.5.3.tgz",
      "integrity": "sha512-8nJo0r3XMPHQAcPeexpbOXOwoDl1L3wvDuYuVIvzQBSVhKL+lb/NsNLM/7I4IdEjnQLr0U5a+3FuT+0c7QhCKw=="
    },
    "node_modules/js-combinatorics154": {
      "name": "js-combinatorics",
      "version": "1.5.4",
      "resolved": "https://registry.npmjs.org/js-combinatorics/-/js-combinatorics-1.5.4.tgz",
      "integrity": "sha512-RpJ15pyuged8J5FNR/RrCxel53mcTmpmERa9fmN/IujwCQJ3AoiymWvwzqU63/CIUMB94s1/t0u78696c4eEfw=="
    },
    "node_modules/js-combinatorics155": {
      "name": "js-combinatorics",
      "version": "1.5.5",
      "resolved": "https://registry.npmjs.org/js-combinatorics/-/js-combinatorics-1.5.5.tgz",
      "integrity": "sha512-wvFVSKwBIZ/5dStXuEagjAvLl/2WRzA9cAmV3MjA5XydsaHZJzUGQ6LqnbYJb7G5ovmGhHC9Ikh3H83Zebtfbg=="
    },
    "node_modules/js-combinatorics156": {
      "name": "js-combinatorics",
      "version": "1.5.6",
      "resolved": "https://registry.npmjs.org/js-combinatorics/-/js-combinatorics-1.5.6.tgz",
      "integrity": "sha512-lISWT4U/pKAdi1CGGH6G3EciGr2sRcC6NrYesoXZqw6eOKvz1JxH3dV/WhG9FndYmWkEGQISe4uVLaOUlTTqvg=="
    },
    "node_modules/js-combinatorics157": {
      "name": "js-combinatorics",
      "version": "1.5.7",
      "resolved": "https://registry.npmjs.org/js-combinatorics/-/js-combinatorics-1.5.7.tgz",
      "integrity": "sha512-FKXwbz8wp0OKfiu5rzUrfO3TXRHZKoAO2xTMxdvvs1sThxdbAurDvVi1lC60zTllGLBxJY2DvneUv1bq5OcDlg=="
    },
    "node_modules/js-combinatorics200": {
      "name": "js-combinatorics",
      "version": "2.0.0",
      "resolved": "https://registry.npmjs.org/js-combinatorics/-/js-combinatorics-2.0.0.tgz",
      "integrity": "sha512-dXWKB+pCmbk0p4u5sXMFZL/LJcUupy+KF+GPCBCjxFOf3+rjTUApvpLxgVQ9XTCYwvQhO/smMFFmx313RN10zA=="
    },
    "node_modules/js-combinatorics201": {
      "name": "js-combinatorics",
      "version": "2.0.1",
      "resolved": "https://registry.npmjs.org/js-combinatorics/-/js-combinatorics-2.0.1.tgz",
      "integrity": "sha512-SpI8kcH3TnA1irI4CaHXzbUcE7a9vKwVCaXvr5xyClvjCty3EoOH5ZqmFeoR97QS119Jguj/+ipeCtRd7WdhVQ=="
    },
    "node_modules/js-combinatorics210": {
      "name": "js-combinatorics",
      "version": "2.1.0",
      "resolved": "https://registry.npmjs.org/js-combinatorics/-/js-combinatorics-2.1.0.tgz",
      "integrity": "sha512-ieHkcOyaTAysPHpVQwf7BfcpO60oDs3CrgEe2w2vtc2oiOShCzOp6+WBSZoiLzch0MmA4Hpb1UuGljIWxd5vfg=="
    },
    "node_modules/js-combinatorics211": {
      "name": "js-combinatorics",
      "version": "2.1.1",
      "resolved": "https://registry.npmjs.org/js-combinatorics/-/js-combinatorics-2.1.1.tgz",
      "integrity": "sha512-jKLV+oIyz0TCr7GBhyuOwngntu1rCxSO+lbVTS232HYowA13CTk0RSmPq6nuXGLFaq2ZWLDQqEwJ6LCDnYR0+A=="
    }
  },
  "dependencies": {
    "js-combinatorics061": {
      "version": "npm:js-combinatorics@0.6.1",
      "resolved": "https://registry.npmjs.org/js-combinatorics/-/js-combinatorics-0.6.1.tgz",
      "integrity": "sha512-VDPHc5J++qdzvngxUhOnUGwegFB9vlNzyWTD6oXKCd9qvw8NAsZdFaWK44W91U0GtBR9R0yppMgzNwTJQYymqg=="
    },
    "js-combinatorics100": {
      "version": "npm:js-combinatorics@1.0.0",
      "resolved": "https://registry.npmjs.org/js-combinatorics/-/js-combinatorics-1.0.0.tgz",
      "integrity": "sha512-yKwIWj0DrKVwVLz4GOZjeXjeneBzl5j5hIrayT/o3+PabjN3pr11ASi0aQPHSkoDSe8lmDABDDXDgGnDSF+ibw=="
    },
    "js-combinatorics110": {
      "version": "npm:js-combinatorics@1.1.0",
      "resolved": "https://registry.npmjs.org/js-combinatorics/-/js-combinatorics-1.1.0.tgz",
      "integrity": "sha512-8yVUVbvFZw0plSTXRjrOc6T6r0iyZ6VFD4HlzPgWfl+ENK6SZCCi7OIFZXRNdWsJDfY6OyFVURHn+7qLoLBLrw=="
    },
    "js-combinatorics111": {
      "version": "npm:js-combinatorics@1.1.1",
      "resolved": "https://registry.npmjs.org/js-combinatorics/-/js-combinatorics-1.1.1.tgz",
      "integrity": "sha512-jLwfxbEYUg6MqNurCGRVwc2tk/n1fFgOTst8B4WFnaf465SjcLiBYXU1fTcA1ICbcrkcen6Z3eU7/JNSJfkeNA=="
    },
    "js-combinatorics120": {
      "version": "npm:js-combinatorics@1.2.0",
      "resolved": "https://registry.npmjs.org/js-combinatorics/-/js-combinatorics-1.2.0.tgz",
      "integrity": "sha512-BbyEp9cfGguSWMeuSa3IQeZX6nGjm+EG3vhD06qHjzkZZWAxLKIW1j7Jnaif8XCX5mUyG1sD7xW96Si2DbAVBw=="
    },
    "js-combinatorics121": {
      "version": "npm:js-combinatorics@1.2.1",
      "resolved": "https://registry.npmjs.org/js-combinatorics/-/js-combinatorics-1.2.1.tgz",
      "integrity": "sha512-PRwPWj1Jkp37NOVEMCqSIO2y2MwmmxlIQHCtL6r59vkAP4YNG4qInA/qf8/ksgLOAKEZC/ev8bI/oKg9wTsnvQ=="
    },
    "js-combinatorics122": {
      "version": "npm:js-combinatorics@1.2.2",
      "resolved": "https://registry.npmjs.org/js-combinatorics/-/js-combinatorics-1.2.2.tgz",
      "integrity": "sha512-xVkQOBLvzC/MSoj9tdIacSw92pKXwGdIsxxtP1o+r2q3JeZq8mD26zVTJLwXTwad/ty2TjYONCqAoybXg9Wjog=="
    },
    "js-combinatorics123": {
      "version": "npm:js-combinatorics@1.2.3",
      "resolved": "https://registry.npmjs.org/js-combinatorics/-/js-combinatorics-1.2.3.tgz",
      "integrity": "sha512-Q8Cu3KeP5TkTTFLwvzDVMYkQpW53/p4Dy7KRLC1/GnjVybzenlsoPtYVd1Vkp2uutquKxtAX0Ef2k4s2W8evzA=="
    },
    "js-combinatorics130": {
      "version": "npm:js-combinatorics@1.3.0",
      "resolved": "https://registry.npmjs.org/js-combinatorics/-/js-combinatorics-1.3.0.tgz",
      "integrity": "sha512-gnpMrkIf5ifyCoZtOEVy9uJe4t1I/GIvWfDiHQ7SwZLQJ4OREbCcxBFbtxjnAPJ9M9f5b/qUCZe6uN2Uh82YAg=="
    },
    "js-combinatorics140": {
      "version": "npm:js-combinatorics@1.4.0",
      "resolved": "https://registry.npmjs.org/js-combinatorics/-/js-combinatorics-1.4.0.tgz",
      "integrity": "sha512-nznOMmqnVAi+ZJYAemNDFhOx7YaTd/oEjwdCz99Cv80hZBn/p+zJLbBLkSJs5aLoLqLqzgbbGmCpErs4wgk/xg=="
    },
    "js-combinatorics141": {
      "version": "npm:js-combinatorics@1.4.1",
      "resolved": "https://registry.npmjs.org/js-combinatorics/-/js-combinatorics-1.4.1.tgz",
      "integrity": "sha512-KMPc+HUs6O+aOO9r8UZe4DJ8SDHv+PCMk2iam7B8CQyUSb3gyQeLOHoV7l2RLD9o1rq+/opzgir4DVs46iLrUg=="
    },
    "js-combinatorics142": {
      "version": "npm:js-combinatorics@1.4.2",
      "resolved": "https://registry.npmjs.org/js-combinatorics/-/js-combinatorics-1.4.2.tgz",
      "integrity": "sha512-jzbAP5kZB1SBXtnFlgkJ23GrYhm1QmhGa+5jpCGwHhcBowEDBPcE30Lr3f92OaDAA1yFy1gmHmpNhZ7EvCRZSA=="
    },
    "js-combinatorics143": {
      "version": "npm:js-combinatorics@1.4.3",
      "resolved": "https://registry.npmjs.org/js-combinatorics/-/js-combinatorics-1.4.3.tgz",
      "integrity": "sha512-ivLm8wn7X03qfH1wNv5Ud5LNQcF3rPt7LLFB72xjgMGW6mbKfE6z6pH3hTUtaLo8w0/JyswhdtC9ZXz6TYO2Mw=="
    },
    "js-combinatorics144": {
      "version": "npm:js-combinatorics@1.4.4",
      "resolved": "https://registry.npmjs.org/js-combinatorics/-/js-combinatorics-1.4.4.tgz",
      "integrity": "sha512-rgp2W2NdpYN+PSD3drV9b3JesHYIhyB+VpkrXYDZ6qXQUuC3U9TpUvnySMi5Jp3qGp4VJNko2Z7bGbQM20DkRw=="
    },
    "js-combinatorics145": {
      "version": "npm:js-combinatorics@1.4.5",
      "resolved": "https://registry.npmjs.org/js-combinatorics/-/js-combinatorics-1.4.5.tgz",
      "integrity": "sha512-lIBPgsZnIK5S8kCyTUY4L34Kq5YXj2LXyk9WJDPsK6iklV96+ZahxIsgHtXcwHhG9XZhqrS1EbnaEkUh5gyXdg=="
    },
    "js-combinatorics150": {
      "version": "npm:js-combinatorics@1.5.0",
      "resolved": "https://registry.npmjs.org/js-combinatorics/-/js-combinatorics-1.5.0.tgz",
      "integrity": "sha512-d9goel1AWKSxffZ/um5eWqRG8he6yIwidXUZWhEByEwrLqKGk7rHKNOJsOq2mH/zD5hUdWGHHUkgecfAcUBgqA=="
    },
    "js-combinatorics151": {
      "version": "npm:js-combinatorics@1.5.1",
      "resolved": "https://registry.npmjs.org/js-combinatorics/-/js-combinatorics-1.5.1.tgz",
      "integrity": "sha512-9UsuMo0wQ/60oAHI6OeP70+arYDNMuMWYtVoYclr3MrlnYKnc0FFd5zAbDuW1yMEK4NmLmYDg5TdwHm/e/z4Eg=="
    },
    "js-combinatorics152": {
      "version": "npm:js-combinatorics@1.5.2",
      "resolved": "https://registry.npmjs.org/js-combinatorics/-/js-combinatorics-1.5.2.tgz",
      "integrity": "sha512-v0FWpWzltRSowfVNiElut2oyNtJZCX6pbteIl922rnkCA6akl01pP9ING4ATdT/eBHyUFPdlm8AzeAaCfSFF5Q=="
    },
    "js-combinatorics153": {
      "version": "npm:js-combinatorics@1.5.3",
      "resolved": "https://registry.npmjs.org/js-combinatorics/-/js-combinatorics-1.5.3.tgz",
      "integrity": "sha512-8nJo0r3XMPHQAcPeexpbOXOwoDl1L3wvDuYuVIvzQBSVhKL+lb/NsNLM/7I4IdEjnQLr0U5a+3FuT+0c7QhCKw=="
    },
    "js-combinatorics154": {
      "version": "npm:js-combinatorics@1.5.4",
      "resolved": "https://registry.npmjs.org/js-combinatorics/-/js-combinatorics-1.5.4.tgz",
      "integrity": "sha512-RpJ15pyuged8J5FNR/RrCxel53mcTmpmERa9fmN/IujwCQJ3AoiymWvwzqU63/CIUMB94s1/t0u78696c4eEfw=="
    },
    "js-combinatorics155": {
      "version": "npm:js-combinatorics@1.5.5",
      "resolved": "https://registry.npmjs.org/js-combinatorics/-/js-combinatorics-1.5.5.tgz",
      "integrity": "sha512-wvFVSKwBIZ/5dStXuEagjAvLl/2WRzA9cAmV3MjA5XydsaHZJzUGQ6LqnbYJb7G5ovmGhHC9Ikh3H83Zebtfbg=="
    },
    "js-combinatorics156": {
      "version": "npm:js-combinatorics@1.5.6",
      "resolved": "https://registry.npmjs.org/js-combinatorics/-/js-combinatorics-1.5.6.tgz",
      "integrity": "sha512-lISWT4U/pKAdi1CGGH6G3EciGr2sRcC6NrYesoXZqw6eOKvz1JxH3dV/WhG9FndYmWkEGQISe4uVLaOUlTTqvg=="
    },
    "js-combinatorics157": {
      "version": "npm:js-combinatorics@1.5.7",
      "resolved": "https://registry.npmjs.org/js-combinatorics/-/js-combinatorics-1.5.7.tgz",
      "integrity": "sha512-FKXwbz8wp0OKfiu5rzUrfO3TXRHZKoAO2xTMxdvvs1sThxdbAurDvVi1lC60zTllGLBxJY2DvneUv1bq5OcDlg=="
    },
    "js-combinatorics200": {
      "version": "npm:js-combinatorics@2.0.0",
      "resolved": "https://registry.npmjs.org/js-combinatorics/-/js-combinatorics-2.0.0.tgz",
      "integrity": "sha512-dXWKB+pCmbk0p4u5sXMFZL/LJcUupy+KF+GPCBCjxFOf3+rjTUApvpLxgVQ9XTCYwvQhO/smMFFmx313RN10zA=="
    },
    "js-combinatorics201": {
      "version": "npm:js-combinatorics@2.0.1",
      "resolved": "https://registry.npmjs.org/js-combinatorics/-/js-combinatorics-2.0.1.tgz",
      "integrity": "sha512-SpI8kcH3TnA1irI4CaHXzbUcE7a9vKwVCaXvr5xyClvjCty3EoOH5ZqmFeoR97QS119Jguj/+ipeCtRd7WdhVQ=="
    },
    "js-combinatorics210": {
      "version": "npm:js-combinatorics@2.1.0",
      "resolved": "https://registry.npmjs.org/js-combinatorics/-/js-combinatorics-2.1.0.tgz",
      "integrity": "sha512-ieHkcOyaTAysPHpVQwf7BfcpO60oDs3CrgEe2w2vtc2oiOShCzOp6+WBSZoiLzch0MmA4Hpb1UuGljIWxd5vfg=="
    },
    "js-combinatorics211": {
      "version": "npm:js-combinatorics@2.1.1",
      "resolved": "https://registry.npmjs.org/js-combinatorics/-/js-combinatorics-2.1.1.tgz",
      "integrity": "sha512-jKLV+oIyz0TCr7GBhyuOwngntu1rCxSO+lbVTS232HYowA13CTk0RSmPq6nuXGLFaq2ZWLDQqEwJ6LCDnYR0+A=="
    }
  }
}
